// !$*UTF8*$!
{
	archiveVersion = 1;
	classes = {
	};
	objectVersion = 50;
	objects = {

/* Begin PBXBuildFile section */
		1E90BA65216F476A003D996B /* RestController.swift in Sources */ = {isa = PBXBuildFile; fileRef = 1E90BA64216F4769003D996B /* RestController.swift */; };
		1E90BA69216F6EBD003D996B /* LapController.swift in Sources */ = {isa = PBXBuildFile; fileRef = 1E90BA68216F6EBD003D996B /* LapController.swift */; };
		1E90BA6D2170E5A1003D996B /* RestTimeController.swift in Sources */ = {isa = PBXBuildFile; fileRef = 1E90BA6C2170E5A0003D996B /* RestTimeController.swift */; };
		B00B5C14216E040A008CD943 /* HealthKit.framework in Frameworks */ = {isa = PBXBuildFile; fileRef = B00B5C13216E040A008CD943 /* HealthKit.framework */; };
		B00B5C17216E0418008CD943 /* ExternalAccessory.framework in Frameworks */ = {isa = PBXBuildFile; fileRef = B00B5C16216E0418008CD943 /* ExternalAccessory.framework */; };
		B00B5C5F216E265D008CD943 /* SwipeController.swift in Sources */ = {isa = PBXBuildFile; fileRef = B00B5C5E216E265C008CD943 /* SwipeController.swift */; };
		B045A77E2170E17D00BD0E96 /* NotificationCenter.framework in Frameworks */ = {isa = PBXBuildFile; fileRef = B00B5C602170C430008CD943 /* NotificationCenter.framework */; };
		B0E8911F217F41E5006F0487 /* TimerController.swift in Sources */ = {isa = PBXBuildFile; fileRef = B0E8911E217F41E5006F0487 /* TimerController.swift */; };
		B0E89123217F4EAA006F0487 /* NewTimerController.swift in Sources */ = {isa = PBXBuildFile; fileRef = B0E89122217F4EAA006F0487 /* NewTimerController.swift */; };
		B0E89125217F51D0006F0487 /* NewSwipeController.swift in Sources */ = {isa = PBXBuildFile; fileRef = B0E89124217F51D0006F0487 /* NewSwipeController.swift */; };
		B0ECD2C32170F1CF00A5D221 /* WatchKit.framework in Frameworks */ = {isa = PBXBuildFile; fileRef = B0ECD2C22170F1CF00A5D221 /* WatchKit.framework */; };
		B0ECD2C52170F6BD00A5D221 /* UserNotifications.framework in Frameworks */ = {isa = PBXBuildFile; fileRef = B0ECD2C42170F6BD00A5D221 /* UserNotifications.framework */; };
		C523C182216F4D72009A692C /* circleInterfaceController.swift in Sources */ = {isa = PBXBuildFile; fileRef = C523C181216F4D72009A692C /* circleInterfaceController.swift */; };
		C56E4BF1216B7EE400FB56C6 /* AppDelegate.swift in Sources */ = {isa = PBXBuildFile; fileRef = C56E4BF0216B7EE400FB56C6 /* AppDelegate.swift */; };
		C56E4BF3216B7EE400FB56C6 /* ViewController.swift in Sources */ = {isa = PBXBuildFile; fileRef = C56E4BF2216B7EE400FB56C6 /* ViewController.swift */; };
		C56E4BF6216B7EE400FB56C6 /* Main.storyboard in Resources */ = {isa = PBXBuildFile; fileRef = C56E4BF4216B7EE400FB56C6 /* Main.storyboard */; };
		C56E4BF8216B7EE900FB56C6 /* Assets.xcassets in Resources */ = {isa = PBXBuildFile; fileRef = C56E4BF7216B7EE900FB56C6 /* Assets.xcassets */; };
		C56E4BFB216B7EE900FB56C6 /* LaunchScreen.storyboard in Resources */ = {isa = PBXBuildFile; fileRef = C56E4BF9216B7EE900FB56C6 /* LaunchScreen.storyboard */; };
		C56E4C06216B7EEA00FB56C6 /* SprintWatchTests.swift in Sources */ = {isa = PBXBuildFile; fileRef = C56E4C05216B7EEA00FB56C6 /* SprintWatchTests.swift */; };
		C56E4C11216B7EEA00FB56C6 /* SprintWatchUITests.swift in Sources */ = {isa = PBXBuildFile; fileRef = C56E4C10216B7EEA00FB56C6 /* SprintWatchUITests.swift */; };
		C56E4C16216B7EEA00FB56C6 /* SprintWatch WatchKit App.app in Embed Watch Content */ = {isa = PBXBuildFile; fileRef = C56E4C15216B7EEA00FB56C6 /* SprintWatch WatchKit App.app */; };
		C56E4C1C216B7EEA00FB56C6 /* Interface.storyboard in Resources */ = {isa = PBXBuildFile; fileRef = C56E4C1A216B7EEA00FB56C6 /* Interface.storyboard */; };
		C56E4C1E216B7EEA00FB56C6 /* Assets.xcassets in Resources */ = {isa = PBXBuildFile; fileRef = C56E4C1D216B7EEA00FB56C6 /* Assets.xcassets */; };
		C56E4C25216B7EEA00FB56C6 /* SprintWatch WatchKit Extension.appex in Embed App Extensions */ = {isa = PBXBuildFile; fileRef = C56E4C24216B7EEA00FB56C6 /* SprintWatch WatchKit Extension.appex */; settings = {ATTRIBUTES = (RemoveHeadersOnCopy, ); }; };
		C56E4C2A216B7EEA00FB56C6 /* InterfaceController.swift in Sources */ = {isa = PBXBuildFile; fileRef = C56E4C29216B7EEA00FB56C6 /* InterfaceController.swift */; };
		C56E4C2C216B7EEA00FB56C6 /* ExtensionDelegate.swift in Sources */ = {isa = PBXBuildFile; fileRef = C56E4C2B216B7EEA00FB56C6 /* ExtensionDelegate.swift */; };
		C56E4C2E216B7EEB00FB56C6 /* Assets.xcassets in Resources */ = {isa = PBXBuildFile; fileRef = C56E4C2D216B7EEB00FB56C6 /* Assets.xcassets */; };
/* End PBXBuildFile section */

/* Begin PBXContainerItemProxy section */
		B0ECD2C02170F0FC00A5D221 /* PBXContainerItemProxy */ = {
			isa = PBXContainerItemProxy;
			containerPortal = C56E4BE5216B7EE400FB56C6 /* Project object */;
			proxyType = 1;
			remoteGlobalIDString = C56E4C23216B7EEA00FB56C6;
			remoteInfo = "SprintWatch WatchKit Extension";
		};
		C56E4C02216B7EEA00FB56C6 /* PBXContainerItemProxy */ = {
			isa = PBXContainerItemProxy;
			containerPortal = C56E4BE5216B7EE400FB56C6 /* Project object */;
			proxyType = 1;
			remoteGlobalIDString = C56E4BEC216B7EE400FB56C6;
			remoteInfo = SprintWatch;
		};
		C56E4C0D216B7EEA00FB56C6 /* PBXContainerItemProxy */ = {
			isa = PBXContainerItemProxy;
			containerPortal = C56E4BE5216B7EE400FB56C6 /* Project object */;
			proxyType = 1;
			remoteGlobalIDString = C56E4BEC216B7EE400FB56C6;
			remoteInfo = SprintWatch;
		};
		C56E4C17216B7EEA00FB56C6 /* PBXContainerItemProxy */ = {
			isa = PBXContainerItemProxy;
			containerPortal = C56E4BE5216B7EE400FB56C6 /* Project object */;
			proxyType = 1;
			remoteGlobalIDString = C56E4C14216B7EEA00FB56C6;
			remoteInfo = "SprintWatch WatchKit App";
		};
		C56E4C26216B7EEA00FB56C6 /* PBXContainerItemProxy */ = {
			isa = PBXContainerItemProxy;
			containerPortal = C56E4BE5216B7EE400FB56C6 /* Project object */;
			proxyType = 1;
			remoteGlobalIDString = C56E4C23216B7EEA00FB56C6;
			remoteInfo = "SprintWatch WatchKit Extension";
		};
/* End PBXContainerItemProxy section */

/* Begin PBXCopyFilesBuildPhase section */
		C56E4C35216B7EEB00FB56C6 /* Embed App Extensions */ = {
			isa = PBXCopyFilesBuildPhase;
			buildActionMask = 2147483647;
			dstPath = "";
			dstSubfolderSpec = 13;
			files = (
				C56E4C25216B7EEA00FB56C6 /* SprintWatch WatchKit Extension.appex in Embed App Extensions */,
			);
			name = "Embed App Extensions";
			runOnlyForDeploymentPostprocessing = 0;
		};
		C56E4C39216B7EEB00FB56C6 /* Embed Watch Content */ = {
			isa = PBXCopyFilesBuildPhase;
			buildActionMask = 2147483647;
			dstPath = "$(CONTENTS_FOLDER_PATH)/Watch";
			dstSubfolderSpec = 16;
			files = (
				C56E4C16216B7EEA00FB56C6 /* SprintWatch WatchKit App.app in Embed Watch Content */,
			);
			name = "Embed Watch Content";
			runOnlyForDeploymentPostprocessing = 0;
		};
/* End PBXCopyFilesBuildPhase section */

/* Begin PBXFileReference section */
		1E90BA64216F4769003D996B /* RestController.swift */ = {isa = PBXFileReference; fileEncoding = 4; lastKnownFileType = sourcecode.swift; path = RestController.swift; sourceTree = "<group>"; };
		1E90BA68216F6EBD003D996B /* LapController.swift */ = {isa = PBXFileReference; fileEncoding = 4; lastKnownFileType = sourcecode.swift; path = LapController.swift; sourceTree = "<group>"; };
		1E90BA6C2170E5A0003D996B /* RestTimeController.swift */ = {isa = PBXFileReference; fileEncoding = 4; lastKnownFileType = sourcecode.swift; path = RestTimeController.swift; sourceTree = "<group>"; };
		B00B5C13216E040A008CD943 /* HealthKit.framework */ = {isa = PBXFileReference; lastKnownFileType = wrapper.framework; name = HealthKit.framework; path = System/Library/Frameworks/HealthKit.framework; sourceTree = SDKROOT; };
		B00B5C15216E040A008CD943 /* SprintWatch.entitlements */ = {isa = PBXFileReference; lastKnownFileType = text.plist.entitlements; path = SprintWatch.entitlements; sourceTree = "<group>"; };
		B00B5C16216E0418008CD943 /* ExternalAccessory.framework */ = {isa = PBXFileReference; lastKnownFileType = wrapper.framework; name = ExternalAccessory.framework; path = System/Library/Frameworks/ExternalAccessory.framework; sourceTree = SDKROOT; };
		B00B5C5E216E265C008CD943 /* SwipeController.swift */ = {isa = PBXFileReference; fileEncoding = 4; lastKnownFileType = sourcecode.swift; path = SwipeController.swift; sourceTree = "<group>"; };
		B00B5C602170C430008CD943 /* NotificationCenter.framework */ = {isa = PBXFileReference; lastKnownFileType = wrapper.framework; name = NotificationCenter.framework; path = System/Library/Frameworks/NotificationCenter.framework; sourceTree = SDKROOT; };
		B00B5C622170C62B008CD943 /* UserNotifications.framework */ = {isa = PBXFileReference; lastKnownFileType = wrapper.framework; name = UserNotifications.framework; path = System/Library/Frameworks/UserNotifications.framework; sourceTree = SDKROOT; };
		B00B5C642170C642008CD943 /* UserNotificationsUI.framework */ = {isa = PBXFileReference; lastKnownFileType = wrapper.framework; name = UserNotificationsUI.framework; path = System/Library/Frameworks/UserNotificationsUI.framework; sourceTree = SDKROOT; };
		B0E8911E217F41E5006F0487 /* TimerController.swift */ = {isa = PBXFileReference; fileEncoding = 4; lastKnownFileType = sourcecode.swift; path = TimerController.swift; sourceTree = "<group>"; };
		B0E89122217F4EAA006F0487 /* NewTimerController.swift */ = {isa = PBXFileReference; fileEncoding = 4; lastKnownFileType = sourcecode.swift; path = NewTimerController.swift; sourceTree = "<group>"; };
		B0E89124217F51D0006F0487 /* NewSwipeController.swift */ = {isa = PBXFileReference; lastKnownFileType = sourcecode.swift; path = NewSwipeController.swift; sourceTree = "<group>"; };
		B0ECD2C22170F1CF00A5D221 /* WatchKit.framework */ = {isa = PBXFileReference; lastKnownFileType = wrapper.framework; name = WatchKit.framework; path = System/Library/Frameworks/WatchKit.framework; sourceTree = SDKROOT; };
		B0ECD2C42170F6BD00A5D221 /* UserNotifications.framework */ = {isa = PBXFileReference; lastKnownFileType = wrapper.framework; name = UserNotifications.framework; path = Platforms/WatchOS.platform/Developer/SDKs/WatchOS5.0.sdk/System/Library/Frameworks/UserNotifications.framework; sourceTree = DEVELOPER_DIR; };
		C523C181216F4D72009A692C /* circleInterfaceController.swift */ = {isa = PBXFileReference; lastKnownFileType = sourcecode.swift; path = circleInterfaceController.swift; sourceTree = "<group>"; };
		C56E4BED216B7EE400FB56C6 /* SprintWatch.app */ = {isa = PBXFileReference; explicitFileType = wrapper.application; includeInIndex = 0; path = SprintWatch.app; sourceTree = BUILT_PRODUCTS_DIR; };
		C56E4BF0216B7EE400FB56C6 /* AppDelegate.swift */ = {isa = PBXFileReference; lastKnownFileType = sourcecode.swift; path = AppDelegate.swift; sourceTree = "<group>"; };
		C56E4BF2216B7EE400FB56C6 /* ViewController.swift */ = {isa = PBXFileReference; lastKnownFileType = sourcecode.swift; path = ViewController.swift; sourceTree = "<group>"; };
		C56E4BF5216B7EE400FB56C6 /* Base */ = {isa = PBXFileReference; lastKnownFileType = file.storyboard; name = Base; path = Base.lproj/Main.storyboard; sourceTree = "<group>"; };
		C56E4BF7216B7EE900FB56C6 /* Assets.xcassets */ = {isa = PBXFileReference; lastKnownFileType = folder.assetcatalog; path = Assets.xcassets; sourceTree = "<group>"; };
		C56E4BFA216B7EE900FB56C6 /* Base */ = {isa = PBXFileReference; lastKnownFileType = file.storyboard; name = Base; path = Base.lproj/LaunchScreen.storyboard; sourceTree = "<group>"; };
		C56E4BFC216B7EE900FB56C6 /* Info.plist */ = {isa = PBXFileReference; lastKnownFileType = text.plist.xml; path = Info.plist; sourceTree = "<group>"; };
		C56E4C01216B7EEA00FB56C6 /* SprintWatchTests.xctest */ = {isa = PBXFileReference; explicitFileType = wrapper.cfbundle; includeInIndex = 0; path = SprintWatchTests.xctest; sourceTree = BUILT_PRODUCTS_DIR; };
		C56E4C05216B7EEA00FB56C6 /* SprintWatchTests.swift */ = {isa = PBXFileReference; lastKnownFileType = sourcecode.swift; path = SprintWatchTests.swift; sourceTree = "<group>"; };
		C56E4C07216B7EEA00FB56C6 /* Info.plist */ = {isa = PBXFileReference; lastKnownFileType = text.plist.xml; path = Info.plist; sourceTree = "<group>"; };
		C56E4C0C216B7EEA00FB56C6 /* SprintWatchUITests.xctest */ = {isa = PBXFileReference; explicitFileType = wrapper.cfbundle; includeInIndex = 0; path = SprintWatchUITests.xctest; sourceTree = BUILT_PRODUCTS_DIR; };
		C56E4C10216B7EEA00FB56C6 /* SprintWatchUITests.swift */ = {isa = PBXFileReference; lastKnownFileType = sourcecode.swift; path = SprintWatchUITests.swift; sourceTree = "<group>"; };
		C56E4C12216B7EEA00FB56C6 /* Info.plist */ = {isa = PBXFileReference; lastKnownFileType = text.plist.xml; path = Info.plist; sourceTree = "<group>"; };
		C56E4C15216B7EEA00FB56C6 /* SprintWatch WatchKit App.app */ = {isa = PBXFileReference; explicitFileType = wrapper.application; includeInIndex = 0; path = "SprintWatch WatchKit App.app"; sourceTree = BUILT_PRODUCTS_DIR; };
		C56E4C1B216B7EEA00FB56C6 /* Base */ = {isa = PBXFileReference; lastKnownFileType = file.storyboard; name = Base; path = Base.lproj/Interface.storyboard; sourceTree = "<group>"; };
		C56E4C1D216B7EEA00FB56C6 /* Assets.xcassets */ = {isa = PBXFileReference; lastKnownFileType = folder.assetcatalog; path = Assets.xcassets; sourceTree = "<group>"; };
		C56E4C1F216B7EEA00FB56C6 /* Info.plist */ = {isa = PBXFileReference; lastKnownFileType = text.plist.xml; path = Info.plist; sourceTree = "<group>"; };
		C56E4C24216B7EEA00FB56C6 /* SprintWatch WatchKit Extension.appex */ = {isa = PBXFileReference; explicitFileType = "wrapper.app-extension"; includeInIndex = 0; path = "SprintWatch WatchKit Extension.appex"; sourceTree = BUILT_PRODUCTS_DIR; };
		C56E4C29216B7EEA00FB56C6 /* InterfaceController.swift */ = {isa = PBXFileReference; lastKnownFileType = sourcecode.swift; path = InterfaceController.swift; sourceTree = "<group>"; };
		C56E4C2B216B7EEA00FB56C6 /* ExtensionDelegate.swift */ = {isa = PBXFileReference; lastKnownFileType = sourcecode.swift; path = ExtensionDelegate.swift; sourceTree = "<group>"; };
		C56E4C2D216B7EEB00FB56C6 /* Assets.xcassets */ = {isa = PBXFileReference; lastKnownFileType = folder.assetcatalog; path = Assets.xcassets; sourceTree = "<group>"; };
		C56E4C2F216B7EEB00FB56C6 /* Info.plist */ = {isa = PBXFileReference; lastKnownFileType = text.plist.xml; path = Info.plist; sourceTree = "<group>"; };
/* End PBXFileReference section */

/* Begin PBXFrameworksBuildPhase section */
		C56E4BEA216B7EE400FB56C6 /* Frameworks */ = {
			isa = PBXFrameworksBuildPhase;
			buildActionMask = 2147483647;
			files = (
				B0ECD2C32170F1CF00A5D221 /* WatchKit.framework in Frameworks */,
				B045A77E2170E17D00BD0E96 /* NotificationCenter.framework in Frameworks */,
				B00B5C17216E0418008CD943 /* ExternalAccessory.framework in Frameworks */,
				B00B5C14216E040A008CD943 /* HealthKit.framework in Frameworks */,
			);
			runOnlyForDeploymentPostprocessing = 0;
		};
		C56E4BFE216B7EEA00FB56C6 /* Frameworks */ = {
			isa = PBXFrameworksBuildPhase;
			buildActionMask = 2147483647;
			files = (
			);
			runOnlyForDeploymentPostprocessing = 0;
		};
		C56E4C09216B7EEA00FB56C6 /* Frameworks */ = {
			isa = PBXFrameworksBuildPhase;
			buildActionMask = 2147483647;
			files = (
			);
			runOnlyForDeploymentPostprocessing = 0;
		};
		C56E4C21216B7EEA00FB56C6 /* Frameworks */ = {
			isa = PBXFrameworksBuildPhase;
			buildActionMask = 2147483647;
			files = (
				B0ECD2C52170F6BD00A5D221 /* UserNotifications.framework in Frameworks */,
			);
			runOnlyForDeploymentPostprocessing = 0;
		};
/* End PBXFrameworksBuildPhase section */

/* Begin PBXGroup section */
		B00B5C12216E040A008CD943 /* Frameworks */ = {
			isa = PBXGroup;
			children = (
				B0ECD2C42170F6BD00A5D221 /* UserNotifications.framework */,
				B0ECD2C22170F1CF00A5D221 /* WatchKit.framework */,
				B00B5C642170C642008CD943 /* UserNotificationsUI.framework */,
				B00B5C622170C62B008CD943 /* UserNotifications.framework */,
				B00B5C602170C430008CD943 /* NotificationCenter.framework */,
				B00B5C16216E0418008CD943 /* ExternalAccessory.framework */,
				B00B5C13216E040A008CD943 /* HealthKit.framework */,
			);
			name = Frameworks;
			sourceTree = "<group>";
		};
		C56E4BE4216B7EE400FB56C6 = {
			isa = PBXGroup;
			children = (
				C56E4BEF216B7EE400FB56C6 /* SprintWatch */,
				C56E4C04216B7EEA00FB56C6 /* SprintWatchTests */,
				C56E4C0F216B7EEA00FB56C6 /* SprintWatchUITests */,
				C56E4C19216B7EEA00FB56C6 /* SprintWatch WatchKit App */,
				C56E4C28216B7EEA00FB56C6 /* SprintWatch WatchKit Extension */,
				C56E4BEE216B7EE400FB56C6 /* Products */,
				B00B5C12216E040A008CD943 /* Frameworks */,
			);
			sourceTree = "<group>";
		};
		C56E4BEE216B7EE400FB56C6 /* Products */ = {
			isa = PBXGroup;
			children = (
				C56E4BED216B7EE400FB56C6 /* SprintWatch.app */,
				C56E4C01216B7EEA00FB56C6 /* SprintWatchTests.xctest */,
				C56E4C0C216B7EEA00FB56C6 /* SprintWatchUITests.xctest */,
				C56E4C15216B7EEA00FB56C6 /* SprintWatch WatchKit App.app */,
				C56E4C24216B7EEA00FB56C6 /* SprintWatch WatchKit Extension.appex */,
			);
			name = Products;
			sourceTree = "<group>";
		};
		C56E4BEF216B7EE400FB56C6 /* SprintWatch */ = {
			isa = PBXGroup;
			children = (
				B00B5C15216E040A008CD943 /* SprintWatch.entitlements */,
				C56E4BF0216B7EE400FB56C6 /* AppDelegate.swift */,
				C56E4BF2216B7EE400FB56C6 /* ViewController.swift */,
				C56E4BF4216B7EE400FB56C6 /* Main.storyboard */,
				C56E4BF7216B7EE900FB56C6 /* Assets.xcassets */,
				C56E4BF9216B7EE900FB56C6 /* LaunchScreen.storyboard */,
				C56E4BFC216B7EE900FB56C6 /* Info.plist */,
			);
			path = SprintWatch;
			sourceTree = "<group>";
		};
		C56E4C04216B7EEA00FB56C6 /* SprintWatchTests */ = {
			isa = PBXGroup;
			children = (
				C56E4C05216B7EEA00FB56C6 /* SprintWatchTests.swift */,
				C56E4C07216B7EEA00FB56C6 /* Info.plist */,
			);
			path = SprintWatchTests;
			sourceTree = "<group>";
		};
		C56E4C0F216B7EEA00FB56C6 /* SprintWatchUITests */ = {
			isa = PBXGroup;
			children = (
				C56E4C10216B7EEA00FB56C6 /* SprintWatchUITests.swift */,
				C56E4C12216B7EEA00FB56C6 /* Info.plist */,
			);
			path = SprintWatchUITests;
			sourceTree = "<group>";
		};
		C56E4C19216B7EEA00FB56C6 /* SprintWatch WatchKit App */ = {
			isa = PBXGroup;
			children = (
				C56E4C1A216B7EEA00FB56C6 /* Interface.storyboard */,
				C56E4C1D216B7EEA00FB56C6 /* Assets.xcassets */,
				C56E4C1F216B7EEA00FB56C6 /* Info.plist */,
			);
			path = "SprintWatch WatchKit App";
			sourceTree = "<group>";
		};
		C56E4C28216B7EEA00FB56C6 /* SprintWatch WatchKit Extension */ = {
			isa = PBXGroup;
			children = (
				B0E89122217F4EAA006F0487 /* NewTimerController.swift */,
				B0E89124217F51D0006F0487 /* NewSwipeController.swift */,
				B0E8911E217F41E5006F0487 /* TimerController.swift */,
				1E90BA6C2170E5A0003D996B /* RestTimeController.swift */,
				1E90BA68216F6EBD003D996B /* LapController.swift */,
				1E90BA64216F4769003D996B /* RestController.swift */,
				B00B5C5E216E265C008CD943 /* SwipeController.swift */,
				C56E4C29216B7EEA00FB56C6 /* InterfaceController.swift */,
				C56E4C2B216B7EEA00FB56C6 /* ExtensionDelegate.swift */,
				C56E4C2D216B7EEB00FB56C6 /* Assets.xcassets */,
				C56E4C2F216B7EEB00FB56C6 /* Info.plist */,
				C523C181216F4D72009A692C /* circleInterfaceController.swift */,
			);
			path = "SprintWatch WatchKit Extension";
			sourceTree = "<group>";
		};
/* End PBXGroup section */

/* Begin PBXNativeTarget section */
		C56E4BEC216B7EE400FB56C6 /* SprintWatch */ = {
			isa = PBXNativeTarget;
			buildConfigurationList = C56E4C3A216B7EEB00FB56C6 /* Build configuration list for PBXNativeTarget "SprintWatch" */;
			buildPhases = (
				C56E4BE9216B7EE400FB56C6 /* Sources */,
				C56E4BEA216B7EE400FB56C6 /* Frameworks */,
				C56E4BEB216B7EE400FB56C6 /* Resources */,
				C56E4C39216B7EEB00FB56C6 /* Embed Watch Content */,
			);
			buildRules = (
			);
			dependencies = (
				B0ECD2C12170F0FC00A5D221 /* PBXTargetDependency */,
				C56E4C18216B7EEA00FB56C6 /* PBXTargetDependency */,
			);
			name = SprintWatch;
			productName = SprintWatch;
			productReference = C56E4BED216B7EE400FB56C6 /* SprintWatch.app */;
			productType = "com.apple.product-type.application";
		};
		C56E4C00216B7EEA00FB56C6 /* SprintWatchTests */ = {
			isa = PBXNativeTarget;
			buildConfigurationList = C56E4C3D216B7EEB00FB56C6 /* Build configuration list for PBXNativeTarget "SprintWatchTests" */;
			buildPhases = (
				C56E4BFD216B7EEA00FB56C6 /* Sources */,
				C56E4BFE216B7EEA00FB56C6 /* Frameworks */,
				C56E4BFF216B7EEA00FB56C6 /* Resources */,
			);
			buildRules = (
			);
			dependencies = (
				C56E4C03216B7EEA00FB56C6 /* PBXTargetDependency */,
			);
			name = SprintWatchTests;
			productName = SprintWatchTests;
			productReference = C56E4C01216B7EEA00FB56C6 /* SprintWatchTests.xctest */;
			productType = "com.apple.product-type.bundle.unit-test";
		};
		C56E4C0B216B7EEA00FB56C6 /* SprintWatchUITests */ = {
			isa = PBXNativeTarget;
			buildConfigurationList = C56E4C40216B7EEB00FB56C6 /* Build configuration list for PBXNativeTarget "SprintWatchUITests" */;
			buildPhases = (
				C56E4C08216B7EEA00FB56C6 /* Sources */,
				C56E4C09216B7EEA00FB56C6 /* Frameworks */,
				C56E4C0A216B7EEA00FB56C6 /* Resources */,
			);
			buildRules = (
			);
			dependencies = (
				C56E4C0E216B7EEA00FB56C6 /* PBXTargetDependency */,
			);
			name = SprintWatchUITests;
			productName = SprintWatchUITests;
			productReference = C56E4C0C216B7EEA00FB56C6 /* SprintWatchUITests.xctest */;
			productType = "com.apple.product-type.bundle.ui-testing";
		};
		C56E4C14216B7EEA00FB56C6 /* SprintWatch WatchKit App */ = {
			isa = PBXNativeTarget;
			buildConfigurationList = C56E4C36216B7EEB00FB56C6 /* Build configuration list for PBXNativeTarget "SprintWatch WatchKit App" */;
			buildPhases = (
				C56E4C13216B7EEA00FB56C6 /* Resources */,
				C56E4C35216B7EEB00FB56C6 /* Embed App Extensions */,
			);
			buildRules = (
			);
			dependencies = (
				C56E4C27216B7EEA00FB56C6 /* PBXTargetDependency */,
			);
			name = "SprintWatch WatchKit App";
			productName = "SprintWatch WatchKit App";
			productReference = C56E4C15216B7EEA00FB56C6 /* SprintWatch WatchKit App.app */;
			productType = "com.apple.product-type.application.watchapp2";
		};
		C56E4C23216B7EEA00FB56C6 /* SprintWatch WatchKit Extension */ = {
			isa = PBXNativeTarget;
			buildConfigurationList = C56E4C32216B7EEB00FB56C6 /* Build configuration list for PBXNativeTarget "SprintWatch WatchKit Extension" */;
			buildPhases = (
				C56E4C20216B7EEA00FB56C6 /* Sources */,
				C56E4C21216B7EEA00FB56C6 /* Frameworks */,
				C56E4C22216B7EEA00FB56C6 /* Resources */,
			);
			buildRules = (
			);
			dependencies = (
			);
			name = "SprintWatch WatchKit Extension";
			productName = "SprintWatch WatchKit Extension";
			productReference = C56E4C24216B7EEA00FB56C6 /* SprintWatch WatchKit Extension.appex */;
			productType = "com.apple.product-type.watchkit2-extension";
		};
/* End PBXNativeTarget section */

/* Begin PBXProject section */
		C56E4BE5216B7EE400FB56C6 /* Project object */ = {
			isa = PBXProject;
			attributes = {
				LastSwiftUpdateCheck = 1000;
				LastUpgradeCheck = 1000;
				ORGANIZATIONNAME = "Fredrik Östlund";
				TargetAttributes = {
					C56E4BEC216B7EE400FB56C6 = {
						CreatedOnToolsVersion = 10.0;
						SystemCapabilities = {
							com.apple.BackgroundModes = {
								enabled = 0;
							};
							com.apple.HealthKit = {
								enabled = 1;
							};
							com.apple.WAC = {
								enabled = 1;
							};
						};
					};
					C56E4C00216B7EEA00FB56C6 = {
						CreatedOnToolsVersion = 10.0;
						TestTargetID = C56E4BEC216B7EE400FB56C6;
					};
					C56E4C0B216B7EEA00FB56C6 = {
						CreatedOnToolsVersion = 10.0;
						TestTargetID = C56E4BEC216B7EE400FB56C6;
					};
					C56E4C14216B7EEA00FB56C6 = {
						CreatedOnToolsVersion = 10.0;
					};
					C56E4C23216B7EEA00FB56C6 = {
						CreatedOnToolsVersion = 10.0;
					};
				};
			};
			buildConfigurationList = C56E4BE8216B7EE400FB56C6 /* Build configuration list for PBXProject "SprintWatch" */;
			compatibilityVersion = "Xcode 9.3";
			developmentRegion = en;
			hasScannedForEncodings = 0;
			knownRegions = (
				en,
				Base,
			);
			mainGroup = C56E4BE4216B7EE400FB56C6;
			productRefGroup = C56E4BEE216B7EE400FB56C6 /* Products */;
			projectDirPath = "";
			projectRoot = "";
			targets = (
				C56E4BEC216B7EE400FB56C6 /* SprintWatch */,
				C56E4C00216B7EEA00FB56C6 /* SprintWatchTests */,
				C56E4C0B216B7EEA00FB56C6 /* SprintWatchUITests */,
				C56E4C14216B7EEA00FB56C6 /* SprintWatch WatchKit App */,
				C56E4C23216B7EEA00FB56C6 /* SprintWatch WatchKit Extension */,
			);
		};
/* End PBXProject section */

/* Begin PBXResourcesBuildPhase section */
		C56E4BEB216B7EE400FB56C6 /* Resources */ = {
			isa = PBXResourcesBuildPhase;
			buildActionMask = 2147483647;
			files = (
				C56E4BFB216B7EE900FB56C6 /* LaunchScreen.storyboard in Resources */,
				C56E4BF8216B7EE900FB56C6 /* Assets.xcassets in Resources */,
				C56E4BF6216B7EE400FB56C6 /* Main.storyboard in Resources */,
			);
			runOnlyForDeploymentPostprocessing = 0;
		};
		C56E4BFF216B7EEA00FB56C6 /* Resources */ = {
			isa = PBXResourcesBuildPhase;
			buildActionMask = 2147483647;
			files = (
			);
			runOnlyForDeploymentPostprocessing = 0;
		};
		C56E4C0A216B7EEA00FB56C6 /* Resources */ = {
			isa = PBXResourcesBuildPhase;
			buildActionMask = 2147483647;
			files = (
			);
			runOnlyForDeploymentPostprocessing = 0;
		};
		C56E4C13216B7EEA00FB56C6 /* Resources */ = {
			isa = PBXResourcesBuildPhase;
			buildActionMask = 2147483647;
			files = (
				C56E4C1E216B7EEA00FB56C6 /* Assets.xcassets in Resources */,
				C56E4C1C216B7EEA00FB56C6 /* Interface.storyboard in Resources */,
			);
			runOnlyForDeploymentPostprocessing = 0;
		};
		C56E4C22216B7EEA00FB56C6 /* Resources */ = {
			isa = PBXResourcesBuildPhase;
			buildActionMask = 2147483647;
			files = (
				C56E4C2E216B7EEB00FB56C6 /* Assets.xcassets in Resources */,
			);
			runOnlyForDeploymentPostprocessing = 0;
		};
/* End PBXResourcesBuildPhase section */

/* Begin PBXSourcesBuildPhase section */
		C56E4BE9216B7EE400FB56C6 /* Sources */ = {
			isa = PBXSourcesBuildPhase;
			buildActionMask = 2147483647;
			files = (
				C56E4BF3216B7EE400FB56C6 /* ViewController.swift in Sources */,
				C56E4BF1216B7EE400FB56C6 /* AppDelegate.swift in Sources */,
			);
			runOnlyForDeploymentPostprocessing = 0;
		};
		C56E4BFD216B7EEA00FB56C6 /* Sources */ = {
			isa = PBXSourcesBuildPhase;
			buildActionMask = 2147483647;
			files = (
				C56E4C06216B7EEA00FB56C6 /* SprintWatchTests.swift in Sources */,
			);
			runOnlyForDeploymentPostprocessing = 0;
		};
		C56E4C08216B7EEA00FB56C6 /* Sources */ = {
			isa = PBXSourcesBuildPhase;
			buildActionMask = 2147483647;
			files = (
				C56E4C11216B7EEA00FB56C6 /* SprintWatchUITests.swift in Sources */,
			);
			runOnlyForDeploymentPostprocessing = 0;
		};
		C56E4C20216B7EEA00FB56C6 /* Sources */ = {
			isa = PBXSourcesBuildPhase;
			buildActionMask = 2147483647;
			files = (
				B00B5C5F216E265D008CD943 /* SwipeController.swift in Sources */,
				C56E4C2C216B7EEA00FB56C6 /* ExtensionDelegate.swift in Sources */,
				1E90BA69216F6EBD003D996B /* LapController.swift in Sources */,
				B0E89125217F51D0006F0487 /* NewSwipeController.swift in Sources */,
				1E90BA6D2170E5A1003D996B /* RestTimeController.swift in Sources */,
				C523C182216F4D72009A692C /* circleInterfaceController.swift in Sources */,
				B0E8911F217F41E5006F0487 /* TimerController.swift in Sources */,
				B0E89123217F4EAA006F0487 /* NewTimerController.swift in Sources */,
				1E90BA65216F476A003D996B /* RestController.swift in Sources */,
				C56E4C2A216B7EEA00FB56C6 /* InterfaceController.swift in Sources */,
			);
			runOnlyForDeploymentPostprocessing = 0;
		};
/* End PBXSourcesBuildPhase section */

/* Begin PBXTargetDependency section */
		B0ECD2C12170F0FC00A5D221 /* PBXTargetDependency */ = {
			isa = PBXTargetDependency;
			target = C56E4C23216B7EEA00FB56C6 /* SprintWatch WatchKit Extension */;
			targetProxy = B0ECD2C02170F0FC00A5D221 /* PBXContainerItemProxy */;
		};
		C56E4C03216B7EEA00FB56C6 /* PBXTargetDependency */ = {
			isa = PBXTargetDependency;
			target = C56E4BEC216B7EE400FB56C6 /* SprintWatch */;
			targetProxy = C56E4C02216B7EEA00FB56C6 /* PBXContainerItemProxy */;
		};
		C56E4C0E216B7EEA00FB56C6 /* PBXTargetDependency */ = {
			isa = PBXTargetDependency;
			target = C56E4BEC216B7EE400FB56C6 /* SprintWatch */;
			targetProxy = C56E4C0D216B7EEA00FB56C6 /* PBXContainerItemProxy */;
		};
		C56E4C18216B7EEA00FB56C6 /* PBXTargetDependency */ = {
			isa = PBXTargetDependency;
			target = C56E4C14216B7EEA00FB56C6 /* SprintWatch WatchKit App */;
			targetProxy = C56E4C17216B7EEA00FB56C6 /* PBXContainerItemProxy */;
		};
		C56E4C27216B7EEA00FB56C6 /* PBXTargetDependency */ = {
			isa = PBXTargetDependency;
			target = C56E4C23216B7EEA00FB56C6 /* SprintWatch WatchKit Extension */;
			targetProxy = C56E4C26216B7EEA00FB56C6 /* PBXContainerItemProxy */;
		};
/* End PBXTargetDependency section */

/* Begin PBXVariantGroup section */
		C56E4BF4216B7EE400FB56C6 /* Main.storyboard */ = {
			isa = PBXVariantGroup;
			children = (
				C56E4BF5216B7EE400FB56C6 /* Base */,
			);
			name = Main.storyboard;
			sourceTree = "<group>";
		};
		C56E4BF9216B7EE900FB56C6 /* LaunchScreen.storyboard */ = {
			isa = PBXVariantGroup;
			children = (
				C56E4BFA216B7EE900FB56C6 /* Base */,
			);
			name = LaunchScreen.storyboard;
			sourceTree = "<group>";
		};
		C56E4C1A216B7EEA00FB56C6 /* Interface.storyboard */ = {
			isa = PBXVariantGroup;
			children = (
				C56E4C1B216B7EEA00FB56C6 /* Base */,
			);
			name = Interface.storyboard;
			sourceTree = "<group>";
		};
/* End PBXVariantGroup section */

/* Begin XCBuildConfiguration section */
		C56E4C30216B7EEB00FB56C6 /* Debug */ = {
			isa = XCBuildConfiguration;
			buildSettings = {
				ALWAYS_SEARCH_USER_PATHS = NO;
				CLANG_ANALYZER_NONNULL = YES;
				CLANG_ANALYZER_NUMBER_OBJECT_CONVERSION = YES_AGGRESSIVE;
				CLANG_CXX_LANGUAGE_STANDARD = "gnu++14";
				CLANG_CXX_LIBRARY = "libc++";
				CLANG_ENABLE_MODULES = YES;
				CLANG_ENABLE_OBJC_ARC = YES;
				CLANG_ENABLE_OBJC_WEAK = YES;
				CLANG_WARN_BLOCK_CAPTURE_AUTORELEASING = YES;
				CLANG_WARN_BOOL_CONVERSION = YES;
				CLANG_WARN_COMMA = YES;
				CLANG_WARN_CONSTANT_CONVERSION = YES;
				CLANG_WARN_DEPRECATED_OBJC_IMPLEMENTATIONS = YES;
				CLANG_WARN_DIRECT_OBJC_ISA_USAGE = YES_ERROR;
				CLANG_WARN_DOCUMENTATION_COMMENTS = YES;
				CLANG_WARN_EMPTY_BODY = YES;
				CLANG_WARN_ENUM_CONVERSION = YES;
				CLANG_WARN_INFINITE_RECURSION = YES;
				CLANG_WARN_INT_CONVERSION = YES;
				CLANG_WARN_NON_LITERAL_NULL_CONVERSION = YES;
				CLANG_WARN_OBJC_IMPLICIT_RETAIN_SELF = YES;
				CLANG_WARN_OBJC_LITERAL_CONVERSION = YES;
				CLANG_WARN_OBJC_ROOT_CLASS = YES_ERROR;
				CLANG_WARN_RANGE_LOOP_ANALYSIS = YES;
				CLANG_WARN_STRICT_PROTOTYPES = YES;
				CLANG_WARN_SUSPICIOUS_MOVE = YES;
				CLANG_WARN_UNGUARDED_AVAILABILITY = YES_AGGRESSIVE;
				CLANG_WARN_UNREACHABLE_CODE = YES;
				CLANG_WARN__DUPLICATE_METHOD_MATCH = YES;
				CODE_SIGN_IDENTITY = "iPhone Developer";
				COPY_PHASE_STRIP = NO;
				DEBUG_INFORMATION_FORMAT = dwarf;
				ENABLE_STRICT_OBJC_MSGSEND = YES;
				ENABLE_TESTABILITY = YES;
				GCC_C_LANGUAGE_STANDARD = gnu11;
				GCC_DYNAMIC_NO_PIC = NO;
				GCC_NO_COMMON_BLOCKS = YES;
				GCC_OPTIMIZATION_LEVEL = 0;
				GCC_PREPROCESSOR_DEFINITIONS = (
					"DEBUG=1",
					"$(inherited)",
				);
				GCC_WARN_64_TO_32_BIT_CONVERSION = YES;
				GCC_WARN_ABOUT_RETURN_TYPE = YES_ERROR;
				GCC_WARN_UNDECLARED_SELECTOR = YES;
				GCC_WARN_UNINITIALIZED_AUTOS = YES_AGGRESSIVE;
				GCC_WARN_UNUSED_FUNCTION = YES;
				GCC_WARN_UNUSED_VARIABLE = YES;
				IPHONEOS_DEPLOYMENT_TARGET = 12.0;
				MTL_ENABLE_DEBUG_INFO = INCLUDE_SOURCE;
				MTL_FAST_MATH = YES;
				ONLY_ACTIVE_ARCH = YES;
				SDKROOT = iphoneos;
				SWIFT_ACTIVE_COMPILATION_CONDITIONS = DEBUG;
				SWIFT_OPTIMIZATION_LEVEL = "-Onone";
			};
			name = Debug;
		};
		C56E4C31216B7EEB00FB56C6 /* Release */ = {
			isa = XCBuildConfiguration;
			buildSettings = {
				ALWAYS_SEARCH_USER_PATHS = NO;
				CLANG_ANALYZER_NONNULL = YES;
				CLANG_ANALYZER_NUMBER_OBJECT_CONVERSION = YES_AGGRESSIVE;
				CLANG_CXX_LANGUAGE_STANDARD = "gnu++14";
				CLANG_CXX_LIBRARY = "libc++";
				CLANG_ENABLE_MODULES = YES;
				CLANG_ENABLE_OBJC_ARC = YES;
				CLANG_ENABLE_OBJC_WEAK = YES;
				CLANG_WARN_BLOCK_CAPTURE_AUTORELEASING = YES;
				CLANG_WARN_BOOL_CONVERSION = YES;
				CLANG_WARN_COMMA = YES;
				CLANG_WARN_CONSTANT_CONVERSION = YES;
				CLANG_WARN_DEPRECATED_OBJC_IMPLEMENTATIONS = YES;
				CLANG_WARN_DIRECT_OBJC_ISA_USAGE = YES_ERROR;
				CLANG_WARN_DOCUMENTATION_COMMENTS = YES;
				CLANG_WARN_EMPTY_BODY = YES;
				CLANG_WARN_ENUM_CONVERSION = YES;
				CLANG_WARN_INFINITE_RECURSION = YES;
				CLANG_WARN_INT_CONVERSION = YES;
				CLANG_WARN_NON_LITERAL_NULL_CONVERSION = YES;
				CLANG_WARN_OBJC_IMPLICIT_RETAIN_SELF = YES;
				CLANG_WARN_OBJC_LITERAL_CONVERSION = YES;
				CLANG_WARN_OBJC_ROOT_CLASS = YES_ERROR;
				CLANG_WARN_RANGE_LOOP_ANALYSIS = YES;
				CLANG_WARN_STRICT_PROTOTYPES = YES;
				CLANG_WARN_SUSPICIOUS_MOVE = YES;
				CLANG_WARN_UNGUARDED_AVAILABILITY = YES_AGGRESSIVE;
				CLANG_WARN_UNREACHABLE_CODE = YES;
				CLANG_WARN__DUPLICATE_METHOD_MATCH = YES;
				CODE_SIGN_IDENTITY = "iPhone Developer";
				COPY_PHASE_STRIP = NO;
				DEBUG_INFORMATION_FORMAT = "dwarf-with-dsym";
				ENABLE_NS_ASSERTIONS = NO;
				ENABLE_STRICT_OBJC_MSGSEND = YES;
				GCC_C_LANGUAGE_STANDARD = gnu11;
				GCC_NO_COMMON_BLOCKS = YES;
				GCC_WARN_64_TO_32_BIT_CONVERSION = YES;
				GCC_WARN_ABOUT_RETURN_TYPE = YES_ERROR;
				GCC_WARN_UNDECLARED_SELECTOR = YES;
				GCC_WARN_UNINITIALIZED_AUTOS = YES_AGGRESSIVE;
				GCC_WARN_UNUSED_FUNCTION = YES;
				GCC_WARN_UNUSED_VARIABLE = YES;
				IPHONEOS_DEPLOYMENT_TARGET = 12.0;
				MTL_ENABLE_DEBUG_INFO = NO;
				MTL_FAST_MATH = YES;
				SDKROOT = iphoneos;
				SWIFT_COMPILATION_MODE = wholemodule;
				SWIFT_OPTIMIZATION_LEVEL = "-O";
				VALIDATE_PRODUCT = YES;
			};
			name = Release;
		};
		C56E4C33216B7EEB00FB56C6 /* Debug */ = {
			isa = XCBuildConfiguration;
			buildSettings = {
				ASSETCATALOG_COMPILER_COMPLICATION_NAME = Complication;
				CODE_SIGN_STYLE = Automatic;
				INFOPLIST_FILE = "SprintWatch WatchKit Extension/Info.plist";
				LD_RUNPATH_SEARCH_PATHS = (
					"$(inherited)",
					"@executable_path/Frameworks",
					"@executable_path/../../Frameworks",
				);
				PRODUCT_BUNDLE_IDENTIFIER = com.example.SprintWatch.watchkitapp.watchkitextension;
				PRODUCT_NAME = "${TARGET_NAME}";
				SDKROOT = watchos;
				SKIP_INSTALL = YES;
				SWIFT_VERSION = 4.2;
				TARGETED_DEVICE_FAMILY = 4;
				WATCHOS_DEPLOYMENT_TARGET = 5.0;
			};
			name = Debug;
		};
		C56E4C34216B7EEB00FB56C6 /* Release */ = {
			isa = XCBuildConfiguration;
			buildSettings = {
				ASSETCATALOG_COMPILER_COMPLICATION_NAME = Complication;
				CODE_SIGN_STYLE = Automatic;
				INFOPLIST_FILE = "SprintWatch WatchKit Extension/Info.plist";
				LD_RUNPATH_SEARCH_PATHS = (
					"$(inherited)",
					"@executable_path/Frameworks",
					"@executable_path/../../Frameworks",
				);
				PRODUCT_BUNDLE_IDENTIFIER = com.example.SprintWatch.watchkitapp.watchkitextension;
				PRODUCT_NAME = "${TARGET_NAME}";
				SDKROOT = watchos;
				SKIP_INSTALL = YES;
				SWIFT_VERSION = 4.2;
				TARGETED_DEVICE_FAMILY = 4;
				WATCHOS_DEPLOYMENT_TARGET = 5.0;
			};
			name = Release;
		};
		C56E4C37216B7EEB00FB56C6 /* Debug */ = {
			isa = XCBuildConfiguration;
			buildSettings = {
				ALWAYS_EMBED_SWIFT_STANDARD_LIBRARIES = YES;
				ASSETCATALOG_COMPILER_APPICON_NAME = AppIcon;
				CODE_SIGN_STYLE = Automatic;
				IBSC_MODULE = SprintWatch_WatchKit_Extension;
				INFOPLIST_FILE = "SprintWatch WatchKit App/Info.plist";
				PRODUCT_BUNDLE_IDENTIFIER = com.example.SprintWatch.watchkitapp;
				PRODUCT_NAME = "$(TARGET_NAME)";
				SDKROOT = watchos;
				SKIP_INSTALL = YES;
				SWIFT_VERSION = 4.2;
				TARGETED_DEVICE_FAMILY = 4;
				WATCHOS_DEPLOYMENT_TARGET = 5.0;
			};
			name = Debug;
		};
		C56E4C38216B7EEB00FB56C6 /* Release */ = {
			isa = XCBuildConfiguration;
			buildSettings = {
				ALWAYS_EMBED_SWIFT_STANDARD_LIBRARIES = YES;
				ASSETCATALOG_COMPILER_APPICON_NAME = AppIcon;
				CODE_SIGN_STYLE = Automatic;
				IBSC_MODULE = SprintWatch_WatchKit_Extension;
				INFOPLIST_FILE = "SprintWatch WatchKit App/Info.plist";
				PRODUCT_BUNDLE_IDENTIFIER = com.example.SprintWatch.watchkitapp;
				PRODUCT_NAME = "$(TARGET_NAME)";
				SDKROOT = watchos;
				SKIP_INSTALL = YES;
				SWIFT_VERSION = 4.2;
				TARGETED_DEVICE_FAMILY = 4;
				WATCHOS_DEPLOYMENT_TARGET = 5.0;
			};
			name = Release;
		};
		C56E4C3B216B7EEB00FB56C6 /* Debug */ = {
			isa = XCBuildConfiguration;
			buildSettings = {
				ASSETCATALOG_COMPILER_APPICON_NAME = AppIcon;
				CODE_SIGN_ENTITLEMENTS = SprintWatch/SprintWatch.entitlements;
				CODE_SIGN_IDENTITY = "iPhone Developer";
				CODE_SIGN_STYLE = Automatic;
				DEVELOPMENT_TEAM = NQD9AV54UN;
				"FRAMEWORK_SEARCH_PATHS[arch=*]" = "$(SRCROOT)";
				INFOPLIST_FILE = SprintWatch/Info.plist;
				LD_RUNPATH_SEARCH_PATHS = (
					"$(inherited)",
					"@executable_path/Frameworks",
				);
				PRODUCT_BUNDLE_IDENTIFIER = com.example.SprintWatch;
				PRODUCT_NAME = "$(TARGET_NAME)";
				PROVISIONING_PROFILE_SPECIFIER = "";
				SWIFT_VERSION = 4.2;
				TARGETED_DEVICE_FAMILY = "1,2";
				TVOS_DEPLOYMENT_TARGET = 12.0;
				WATCHOS_DEPLOYMENT_TARGET = 5.0;
			};
			name = Debug;
		};
		C56E4C3C216B7EEB00FB56C6 /* Release */ = {
			isa = XCBuildConfiguration;
			buildSettings = {
				ASSETCATALOG_COMPILER_APPICON_NAME = AppIcon;
				CODE_SIGN_ENTITLEMENTS = SprintWatch/SprintWatch.entitlements;
				CODE_SIGN_IDENTITY = "iPhone Developer";
				CODE_SIGN_STYLE = Automatic;
				DEVELOPMENT_TEAM = NQD9AV54UN;
				"FRAMEWORK_SEARCH_PATHS[arch=*]" = "";
				INFOPLIST_FILE = SprintWatch/Info.plist;
				LD_RUNPATH_SEARCH_PATHS = (
					"$(inherited)",
					"@executable_path/Frameworks",
				);
				PRODUCT_BUNDLE_IDENTIFIER = com.example.SprintWatch;
				PRODUCT_NAME = "$(TARGET_NAME)";
				PROVISIONING_PROFILE_SPECIFIER = "";
				SWIFT_VERSION = 4.2;
				TARGETED_DEVICE_FAMILY = "1,2";
				TVOS_DEPLOYMENT_TARGET = 12.0;
				WATCHOS_DEPLOYMENT_TARGET = 5.0;
			};
			name = Release;
		};
		C56E4C3E216B7EEB00FB56C6 /* Debug */ = {
			isa = XCBuildConfiguration;
			buildSettings = {
				ALWAYS_EMBED_SWIFT_STANDARD_LIBRARIES = YES;
				BUNDLE_LOADER = "$(TEST_HOST)";
				CODE_SIGN_STYLE = Automatic;
				INFOPLIST_FILE = SprintWatchTests/Info.plist;
				LD_RUNPATH_SEARCH_PATHS = (
					"$(inherited)",
					"@executable_path/Frameworks",
					"@loader_path/Frameworks",
				);
				PRODUCT_BUNDLE_IDENTIFIER = com.example.SprintWatchTests;
				PRODUCT_NAME = "$(TARGET_NAME)";
				SWIFT_VERSION = 4.2;
				TARGETED_DEVICE_FAMILY = "1,2";
				TEST_HOST = "$(BUILT_PRODUCTS_DIR)/SprintWatch.app/SprintWatch";
			};
			name = Debug;
		};
		C56E4C3F216B7EEB00FB56C6 /* Release */ = {
			isa = XCBuildConfiguration;
			buildSettings = {
				ALWAYS_EMBED_SWIFT_STANDARD_LIBRARIES = YES;
				BUNDLE_LOADER = "$(TEST_HOST)";
				CODE_SIGN_STYLE = Automatic;
				INFOPLIST_FILE = SprintWatchTests/Info.plist;
				LD_RUNPATH_SEARCH_PATHS = (
					"$(inherited)",
					"@executable_path/Frameworks",
					"@loader_path/Frameworks",
				);
				PRODUCT_BUNDLE_IDENTIFIER = com.example.SprintWatchTests;
				PRODUCT_NAME = "$(TARGET_NAME)";
				SWIFT_VERSION = 4.2;
				TARGETED_DEVICE_FAMILY = "1,2";
				TEST_HOST = "$(BUILT_PRODUCTS_DIR)/SprintWatch.app/SprintWatch";
			};
			name = Release;
		};
		C56E4C41216B7EEB00FB56C6 /* Debug */ = {
			isa = XCBuildConfiguration;
			buildSettings = {
				ALWAYS_EMBED_SWIFT_STANDARD_LIBRARIES = YES;
				CODE_SIGN_STYLE = Automatic;
				INFOPLIST_FILE = SprintWatchUITests/Info.plist;
				LD_RUNPATH_SEARCH_PATHS = (
					"$(inherited)",
					"@executable_path/Frameworks",
					"@loader_path/Frameworks",
				);
				PRODUCT_BUNDLE_IDENTIFIER = com.example.SprintWatchUITests;
				PRODUCT_NAME = "$(TARGET_NAME)";
				SWIFT_VERSION = 4.2;
				TARGETED_DEVICE_FAMILY = "1,2";
				TEST_TARGET_NAME = SprintWatch;
			};
			name = Debug;
		};
		C56E4C42216B7EEB00FB56C6 /* Release */ = {
			isa = XCBuildConfiguration;
			buildSettings = {
				ALWAYS_EMBED_SWIFT_STANDARD_LIBRARIES = YES;
				CODE_SIGN_STYLE = Automatic;
				INFOPLIST_FILE = SprintWatchUITests/Info.plist;
				LD_RUNPATH_SEARCH_PATHS = (
					"$(inherited)",
					"@executable_path/Frameworks",
					"@loader_path/Frameworks",
				);
				PRODUCT_BUNDLE_IDENTIFIER = com.example.SprintWatchUITests;
				PRODUCT_NAME = "$(TARGET_NAME)";
				SWIFT_VERSION = 4.2;
				TARGETED_DEVICE_FAMILY = "1,2";
				TEST_TARGET_NAME = SprintWatch;
			};
			name = Release;
		};
/* End XCBuildConfiguration section */

/* Begin XCConfigurationList section */
		C56E4BE8216B7EE400FB56C6 /* Build configuration list for PBXProject "SprintWatch" */ = {
			isa = XCConfigurationList;
			buildConfigurations = (
				C56E4C30216B7EEB00FB56C6 /* Debug */,
				C56E4C31216B7EEB00FB56C6 /* Release */,
			);
			defaultConfigurationIsVisible = 0;
			defaultConfigurationName = Release;
		};
		C56E4C32216B7EEB00FB56C6 /* Build configuration list for PBXNativeTarget "SprintWatch WatchKit Extension" */ = {
			isa = XCConfigurationList;
			buildConfigurations = (
				C56E4C33216B7EEB00FB56C6 /* Debug */,
				C56E4C34216B7EEB00FB56C6 /* Release */,
			);
			defaultConfigurationIsVisible = 0;
			defaultConfigurationName = Release;
		};
		C56E4C36216B7EEB00FB56C6 /* Build configuration list for PBXNativeTarget "SprintWatch WatchKit App" */ = {
			isa = XCConfigurationList;
			buildConfigurations = (
				C56E4C37216B7EEB00FB56C6 /* Debug */,
				C56E4C38216B7EEB00FB56C6 /* Release */,
			);
			defaultConfigurationIsVisible = 0;
			defaultConfigurationName = Release;
		};
		C56E4C3A216B7EEB00FB56C6 /* Build configuration list for PBXNativeTarget "SprintWatch" */ = {
			isa = XCConfigurationList;
			buildConfigurations = (
				C56E4C3B216B7EEB00FB56C6 /* Debug */,
				C56E4C3C216B7EEB00FB56C6 /* Release */,
			);
			defaultConfigurationIsVisible = 0;
			defaultConfigurationName = Release;
		};
		C56E4C3D216B7EEB00FB56C6 /* Build configuration list for PBXNativeTarget "SprintWatchTests" */ = {
			isa = XCConfigurationList;
			buildConfigurations = (
				C56E4C3E216B7EEB00FB56C6 /* Debug */,
				C56E4C3F216B7EEB00FB56C6 /* Release */,
			);
			defaultConfigurationIsVisible = 0;
			defaultConfigurationName = Release;
		};
		C56E4C40216B7EEB00FB56C6 /* Build configuration list for PBXNativeTarget "SprintWatchUITests" */ = {
			isa = XCConfigurationList;
			buildConfigurations = (
				C56E4C41216B7EEB00FB56C6 /* Debug */,
				C56E4C42216B7EEB00FB56C6 /* Release */,
			);
			defaultConfigurationIsVisible = 0;
			defaultConfigurationName = Release;
		};
/* End XCConfigurationList section */
	};
	rootObject = C56E4BE5216B7EE400FB56C6 /* Project object */;
}
